
Microsoft Visual Studio Solution File, Format Version 12.00
# Visual Studio Version 16
VisualStudioVersion = 16.0.30907.101
MinimumVisualStudioVersion = 10.0.40219.1
Project("{FAE04EC0-301F-11D3-BF4B-00C04F79EFBC}") = "04-Domingos_Ribeiro_Listas2", "04-Domingos_Ribeiro_Listas2.csproj", "{FA6CB9A6-DC48-4834-BF41-D283E5B0BDDB}"
EndProject
Global
	GlobalSection(SolutionConfigurationPlatforms) = preSolution
		Debug|Any CPU = Debug|Any CPU
		Release|Any CPU = Release|Any CPU
	EndGlobalSection
	GlobalSection(ProjectConfigurationPlatforms) = postSolution
		{FA6CB9A6-DC48-4834-BF41-D283E5B0BDDB}.Debug|Any CPU.ActiveCfg = Debug|Any CPU
		{FA6CB9A6-DC48-4834-BF41-D283E5B0BDDB}.Debug|Any CPU.Build.0 = Debug|Any CPU
		{FA6CB9A6-DC48-4834-BF41-D283E5B0BDDB}.Release|Any CPU.ActiveCfg = Release|Any CPU
		{FA6CB9A6-DC48-4834-BF41-D283E5B0BDDB}.Release|Any CPU.Build.0 = Release|Any CPU
	EndGlobalSection
	GlobalSection(SolutionProperties) = preSolution
		HideSolutionNode = FALSE
	EndGlobalSection
	GlobalSection(ExtensibilityGlobals) = postSolution
		SolutionGuid = {B528A2B0-621E-4326-A630-D0064F5C315E}
	EndGlobalSection
EndGlobal
